
Microsoft Visual Studio Solution File, Format Version 12.00
# Visual Studio Version 16
VisualStudioVersion = 16.0.30804.86
MinimumVisualStudioVersion = 10.0.40219.1
Project("{FAE04EC0-301F-11D3-BF4B-00C04F79EFBC}") = "GTA Booster", "GTA Booster\GTA Booster.csproj", "{48140F3C-5711-4CF1-A794-7ED297E7CCB1}"
EndProject
Global
	GlobalSection(SolutionConfigurationPlatforms) = preSolution
		Debug|Any CPU = Debug|Any CPU
		Release|Any CPU = Release|Any CPU
	EndGlobalSection
	GlobalSection(ProjectConfigurationPlatforms) = postSolution
		{48140F3C-5711-4CF1-A794-7ED297E7CCB1}.Debug|Any CPU.ActiveCfg = Debug|Any CPU
		{48140F3C-5711-4CF1-A794-7ED297E7CCB1}.Debug|Any CPU.Build.0 = Debug|Any CPU
		{48140F3C-5711-4CF1-A794-7ED297E7CCB1}.Release|Any CPU.ActiveCfg = Release|Any CPU
		{48140F3C-5711-4CF1-A794-7ED297E7CCB1}.Release|Any CPU.Build.0 = Release|Any CPU
	EndGlobalSection
	GlobalSection(SolutionProperties) = preSolution
		HideSolutionNode = FALSE
	EndGlobalSection
	GlobalSection(ExtensibilityGlobals) = postSolution
		SolutionGuid = {BABF432E-3EBE-474F-9E2B-ADF16AB46A96}
	EndGlobalSection
EndGlobal
